
Microsoft Visual Studio Solution File, Format Version 12.00
# Visual Studio Version 16
VisualStudioVersion = 16.0.32602.291
MinimumVisualStudioVersion = 10.0.40219.1
Project("{FAE04EC0-301F-11D3-BF4B-00C04F79EFBC}") = "Json", "Json\Json.csproj", "{A721CF15-2349-4844-9049-FE30CA0132F4}"
EndProject
Project("{FAE04EC0-301F-11D3-BF4B-00C04F79EFBC}") = "DemoMsSql", "SqlZaqvki\DemoMsSql.csproj", "{4F678668-DFB4-461E-BEE5-0DC412127FA2}"
EndProject
Global
	GlobalSection(SolutionConfigurationPlatforms) = preSolution
		Debug|Any CPU = Debug|Any CPU
		Release|Any CPU = Release|Any CPU
	EndGlobalSection
	GlobalSection(ProjectConfigurationPlatforms) = postSolution
		{A721CF15-2349-4844-9049-FE30CA0132F4}.Debug|Any CPU.ActiveCfg = Debug|Any CPU
		{A721CF15-2349-4844-9049-FE30CA0132F4}.Debug|Any CPU.Build.0 = Debug|Any CPU
		{A721CF15-2349-4844-9049-FE30CA0132F4}.Release|Any CPU.ActiveCfg = Release|Any CPU
		{A721CF15-2349-4844-9049-FE30CA0132F4}.Release|Any CPU.Build.0 = Release|Any CPU
		{4F678668-DFB4-461E-BEE5-0DC412127FA2}.Debug|Any CPU.ActiveCfg = Debug|Any CPU
		{4F678668-DFB4-461E-BEE5-0DC412127FA2}.Debug|Any CPU.Build.0 = Debug|Any CPU
		{4F678668-DFB4-461E-BEE5-0DC412127FA2}.Release|Any CPU.ActiveCfg = Release|Any CPU
		{4F678668-DFB4-461E-BEE5-0DC412127FA2}.Release|Any CPU.Build.0 = Release|Any CPU
	EndGlobalSection
	GlobalSection(SolutionProperties) = preSolution
		HideSolutionNode = FALSE
	EndGlobalSection
	GlobalSection(ExtensibilityGlobals) = postSolution
		SolutionGuid = {430A8D14-0EE7-4539-8D86-93ACB4970C99}
	EndGlobalSection
EndGlobal
